{
  "schema_version": 1,
  "allowlist_sha256": "d2fbceab7f092129528fe9f2d51662af1338fd5442f654a7d99a9842a40e9ac9",
  "datasets": [
    {
      "id": "110/homo_sapiens/GRCh38",
      "pack": "medium-hsapiens-grch38-v110.tar.zst",
      "url": "https://github.com/bijux/bijux-atlas/releases/download/fixtures-v1/medium-hsapiens-grch38-v110.tar.zst",
      "sha256": "REPLACE_WITH_PINNED_SHA256"
    }
  ]
}
